{
  "requires": true,
  "lockfileVersion": 1,
  "dependencies": {
    "voximplant-websdk": {
      "version": "4.3.21480",
      "resolved": "https://registry.npmjs.org/voximplant-websdk/-/voximplant-websdk-4.3.21480.tgz",
      "integrity": "sha512-SYi6CBL8GeSXpB9T49TPprfDto01/+33hDgePLQfWDHMQgjgEGOyPoVaAloOqgkZuLqtX5FWQMp7SDil0Q5jdg=="
    }
  }
}
